
Microsoft Visual Studio Solution File, Format Version 12.00
# Visual Studio Version 17
VisualStudioVersion = 17.14.36121.58
MinimumVisualStudioVersion = 10.0.40219.1
Project("{54A90642-561A-4BB1-A94E-469ADEE60C69}") = "movieverse.client", "movieverse.client\movieverse.client.esproj", "{24AC5880-7E76-6F61-53CD-89BFD9077015}"
EndProject
Project("{FAE04EC0-301F-11D3-BF4B-00C04F79EFBC}") = "MovieVerse.Server", "MovieVerse.Server\MovieVerse.Server.csproj", "{C99F48A0-A89E-4965-8B45-72DFC6D89CB6}"
EndProject
Global
	GlobalSection(SolutionConfigurationPlatforms) = preSolution
		Debug|Any CPU = Debug|Any CPU
		Release|Any CPU = Release|Any CPU
	EndGlobalSection
	GlobalSection(ProjectConfigurationPlatforms) = postSolution
		{24AC5880-7E76-6F61-53CD-89BFD9077015}.Debug|Any CPU.ActiveCfg = Debug|Any CPU
		{24AC5880-7E76-6F61-53CD-89BFD9077015}.Debug|Any CPU.Build.0 = Debug|Any CPU
		{24AC5880-7E76-6F61-53CD-89BFD9077015}.Debug|Any CPU.Deploy.0 = Debug|Any CPU
		{24AC5880-7E76-6F61-53CD-89BFD9077015}.Release|Any CPU.ActiveCfg = Release|Any CPU
		{24AC5880-7E76-6F61-53CD-89BFD9077015}.Release|Any CPU.Build.0 = Release|Any CPU
		{24AC5880-7E76-6F61-53CD-89BFD9077015}.Release|Any CPU.Deploy.0 = Release|Any CPU
		{C99F48A0-A89E-4965-8B45-72DFC6D89CB6}.Debug|Any CPU.ActiveCfg = Debug|Any CPU
		{C99F48A0-A89E-4965-8B45-72DFC6D89CB6}.Debug|Any CPU.Build.0 = Debug|Any CPU
		{C99F48A0-A89E-4965-8B45-72DFC6D89CB6}.Release|Any CPU.ActiveCfg = Release|Any CPU
		{C99F48A0-A89E-4965-8B45-72DFC6D89CB6}.Release|Any CPU.Build.0 = Release|Any CPU
	EndGlobalSection
	GlobalSection(SolutionProperties) = preSolution
		HideSolutionNode = FALSE
	EndGlobalSection
	GlobalSection(ExtensibilityGlobals) = postSolution
		SolutionGuid = {DDF8FFA4-501C-4106-9FAC-590CC4D18333}
	EndGlobalSection
EndGlobal
